
Microsoft Visual Studio Solution File, Format Version 12.00
# Visual Studio Version 17
VisualStudioVersion = 17.3.32819.101
MinimumVisualStudioVersion = 10.0.40219.1
Project("{FAE04EC0-301F-11D3-BF4B-00C04F79EFBC}") = "BookSwap", "BookSwap\BookSwap.csproj", "{367FDE4E-7AC1-4CA5-BD47-3FD7AC62C584}"
EndProject
Global
	GlobalSection(SolutionConfigurationPlatforms) = preSolution
		Debug|Any CPU = Debug|Any CPU
		Release|Any CPU = Release|Any CPU
	EndGlobalSection
	GlobalSection(ProjectConfigurationPlatforms) = postSolution
		{367FDE4E-7AC1-4CA5-BD47-3FD7AC62C584}.Debug|Any CPU.ActiveCfg = Debug|Any CPU
		{367FDE4E-7AC1-4CA5-BD47-3FD7AC62C584}.Debug|Any CPU.Build.0 = Debug|Any CPU
		{367FDE4E-7AC1-4CA5-BD47-3FD7AC62C584}.Release|Any CPU.ActiveCfg = Release|Any CPU
		{367FDE4E-7AC1-4CA5-BD47-3FD7AC62C584}.Release|Any CPU.Build.0 = Release|Any CPU
	EndGlobalSection
	GlobalSection(SolutionProperties) = preSolution
		HideSolutionNode = FALSE
	EndGlobalSection
	GlobalSection(ExtensibilityGlobals) = postSolution
		SolutionGuid = {7F680F1A-F01E-41B9-9163-0AB918990BAC}
	EndGlobalSection
EndGlobal
